
Microsoft Visual Studio Solution File, Format Version 12.00
# Visual Studio Version 16
VisualStudioVersion = 16.0.29806.167
MinimumVisualStudioVersion = 10.0.40219.1
Project("{FAE04EC0-301F-11D3-BF4B-00C04F79EFBC}") = "FittSoft", "FittSoft\FittSoft.csproj", "{2D33FA5C-3EC3-4925-9B93-142F3AE0D2F0}"
EndProject
Global
	GlobalSection(SolutionConfigurationPlatforms) = preSolution
		Debug|Any CPU = Debug|Any CPU
		Release|Any CPU = Release|Any CPU
	EndGlobalSection
	GlobalSection(ProjectConfigurationPlatforms) = postSolution
		{2D33FA5C-3EC3-4925-9B93-142F3AE0D2F0}.Debug|Any CPU.ActiveCfg = Debug|Any CPU
		{2D33FA5C-3EC3-4925-9B93-142F3AE0D2F0}.Debug|Any CPU.Build.0 = Debug|Any CPU
		{2D33FA5C-3EC3-4925-9B93-142F3AE0D2F0}.Release|Any CPU.ActiveCfg = Release|Any CPU
		{2D33FA5C-3EC3-4925-9B93-142F3AE0D2F0}.Release|Any CPU.Build.0 = Release|Any CPU
	EndGlobalSection
	GlobalSection(SolutionProperties) = preSolution
		HideSolutionNode = FALSE
	EndGlobalSection
	GlobalSection(ExtensibilityGlobals) = postSolution
		SolutionGuid = {92CBB741-3305-49C8-968A-418810472C27}
	EndGlobalSection
EndGlobal
